
Microsoft Visual Studio Solution File, Format Version 12.00
# Visual Studio Version 16
VisualStudioVersion = 16.0.31702.278
MinimumVisualStudioVersion = 10.0.40219.1
Project("{9A19103F-16F7-4668-BE54-9A1E7A4F7556}") = "ESC5.Web", "ESC5.Web\ESC5.Web.csproj", "{15E995AF-8592-4FCC-9811-0ECAA94F1543}"
EndProject
Project("{2150E333-8FDC-42A3-9474-1A3956D46DE8}") = "BaseLibs", "BaseLibs", "{8DE21607-8F42-466F-9690-36FF26BBD52C}"
EndProject
Project("{9A19103F-16F7-4668-BE54-9A1E7A4F7556}") = "ProjectBase", "BaseLibs\ProjectBase\ProjectBase.csproj", "{2C4840E0-EA6E-4669-8398-D9E4B4B099BD}"
EndProject
Project("{9A19103F-16F7-4668-BE54-9A1E7A4F7556}") = "KendoUIHelper", "BaseLibs\KendoUIHelper\KendoUIHelper.csproj", "{EDA811A8-7AF5-4C18-8608-31F11C59C0F4}"
EndProject
Project("{9A19103F-16F7-4668-BE54-9A1E7A4F7556}") = "ESC5.WebCommon", "BaseLibs\ESC5.WebCommon\ESC5.WebCommon.csproj", "{1F78DE11-5145-4DB4-B1C0-F6BA9A4C1E6A}"
EndProject
Project("{9A19103F-16F7-4668-BE54-9A1E7A4F7556}") = "ESC5.Web.Mvc", "ESC5.Web.Mvc\ESC5.Web.Mvc.csproj", "{01362331-7BE4-4232-A9D7-915493D1480B}"
EndProject
Project("{9A19103F-16F7-4668-BE54-9A1E7A4F7556}") = "ESC5.Common", "ESC5.Common\ESC5.Common.csproj", "{2538E96E-C0DD-4FFF-8648-1F10942AC166}"
EndProject
Project("{9A19103F-16F7-4668-BE54-9A1E7A4F7556}") = "ESC5.Domain", "ESC5.Domain\ESC5.Domain.csproj", "{22F41829-F1D9-4E6C-9C90-481A3AFB0C9D}"
EndProject
Project("{9A19103F-16F7-4668-BE54-9A1E7A4F7556}") = "ESC5.AppBase", "BaseLibs\ESC5.AppBase\ESC5.AppBase.csproj", "{6A87CC06-FF71-40A5-8357-46C68A87B782}"
EndProject
Project("{9A19103F-16F7-4668-BE54-9A1E7A4F7556}") = "ESC5.ValueObject", "BaseLibs\ESC5.ValueObject\ESC5.ValueObject.csproj", "{25D93C7D-DE82-4B61-8C2C-F3DF5E8816C2}"
EndProject
Project("{9A19103F-16F7-4668-BE54-9A1E7A4F7556}") = "IdentityService", "BaseLibs\IdentityService\IdentityService.csproj", "{B5D8A00C-547E-4916-83C4-C3554CF5D10F}"
EndProject
Project("{9A19103F-16F7-4668-BE54-9A1E7A4F7556}") = "ImportLibrary", "BaseLibs\ImportLibrary\ImportLibrary.csproj", "{2E612A1E-7B80-45ED-A487-B3B67D813DD0}"
EndProject
Project("{9A19103F-16F7-4668-BE54-9A1E7A4F7556}") = "ESC5.Job.Message", "BaseLibs\ESC5.Job.Message\ESC5.Job.Message.csproj", "{224BACB4-D93E-41B8-AF85-7FAD7E51A4F5}"
EndProject
Project("{9A19103F-16F7-4668-BE54-9A1E7A4F7556}") = "ExpressionEvaluator", "BaseLibs\ExpressionEvaluator\ExpressionEvaluator.csproj", "{4D1E8ADD-290C-4D31-AE83-FB8B5055892A}"
EndProject
Project("{9A19103F-16F7-4668-BE54-9A1E7A4F7556}") = "eBPM", "BaseLibs\eBPM\eBPM.csproj", "{DD365EB7-A4A3-48BC-BEF6-3D74CC56BC9A}"
EndProject
Project("{9A19103F-16F7-4668-BE54-9A1E7A4F7556}") = "RemotingConnector", "BaseLibs\RemotingConnector\RemotingConnector.csproj", "{720FE41E-328A-4A8B-8BBC-449345688CDC}"
EndProject
Project("{9A19103F-16F7-4668-BE54-9A1E7A4F7556}") = "ESC5.OfflineServiceBase", "BaseLibs\ESC5.OfflineServiceBase\ESC5.OfflineServiceBase.csproj", "{A4C573C0-713F-42D4-BCDC-5785C733CD67}"
EndProject
Project("{9A19103F-16F7-4668-BE54-9A1E7A4F7556}") = "Logger", "BaseLibs\Logger\Logger.csproj", "{0A5D375A-97F7-4F90-9F3A-3A2DA917B350}"
EndProject
Project("{2150E333-8FDC-42A3-9474-1A3956D46DE8}") = "ESC5.Test", "ESC5.Test", "{C1AB2408-D956-4BAB-9BC7-D287B30A80B0}"
EndProject
Project("{9A19103F-16F7-4668-BE54-9A1E7A4F7556}") = "BDIntegrateTest", "ESC5.Test\BDIntegrateTest\BDIntegrateTest.csproj", "{F165A47F-5CBD-440E-931E-4800F552D0EB}"
EndProject
Project("{9A19103F-16F7-4668-BE54-9A1E7A4F7556}") = "BDTest", "ESC5.Test\BDTest\BDTest.csproj", "{43DC4EC5-4D2C-470C-A633-91FAB9F63756}"
EndProject
Project("{9A19103F-16F7-4668-BE54-9A1E7A4F7556}") = "TestingBase", "BaseLibs\TestingBase\TestingBase.csproj", "{576312FC-66C0-4E6B-A520-6554438B202E}"
EndProject
Project("{9A19103F-16F7-4668-BE54-9A1E7A4F7556}") = "E2biz.Utility.General", "BaseLibs\E2biz.Utility.General\E2biz.Utility.General.csproj", "{ACA9A6A1-2473-414F-88A2-CF40C182CCD7}"
EndProject
Project("{2150E333-8FDC-42A3-9474-1A3956D46DE8}") = "Solution Items", "Solution Items", "{8FC3B6A0-B453-4323-925E-A2D455D748E4}"
	ProjectSection(SolutionItems) = preProject
		.editorconfig = .editorconfig
	EndProjectSection
EndProject
Global
	GlobalSection(SolutionConfigurationPlatforms) = preSolution
		Debug|Any CPU = Debug|Any CPU
		Debug|x86 = Debug|x86
		Release|Any CPU = Release|Any CPU
		Release|x86 = Release|x86
	EndGlobalSection
	GlobalSection(ProjectConfigurationPlatforms) = postSolution
		{15E995AF-8592-4FCC-9811-0ECAA94F1543}.Debug|Any CPU.ActiveCfg = Debug|Any CPU
		{15E995AF-8592-4FCC-9811-0ECAA94F1543}.Debug|Any CPU.Build.0 = Debug|Any CPU
		{15E995AF-8592-4FCC-9811-0ECAA94F1543}.Debug|x86.ActiveCfg = Debug|Any CPU
		{15E995AF-8592-4FCC-9811-0ECAA94F1543}.Debug|x86.Build.0 = Debug|Any CPU
		{15E995AF-8592-4FCC-9811-0ECAA94F1543}.Release|Any CPU.ActiveCfg = Release|Any CPU
		{15E995AF-8592-4FCC-9811-0ECAA94F1543}.Release|Any CPU.Build.0 = Release|Any CPU
		{15E995AF-8592-4FCC-9811-0ECAA94F1543}.Release|x86.ActiveCfg = Release|Any CPU
		{15E995AF-8592-4FCC-9811-0ECAA94F1543}.Release|x86.Build.0 = Release|Any CPU
		{2C4840E0-EA6E-4669-8398-D9E4B4B099BD}.Debug|Any CPU.ActiveCfg = Debug|Any CPU
		{2C4840E0-EA6E-4669-8398-D9E4B4B099BD}.Debug|Any CPU.Build.0 = Debug|Any CPU
		{2C4840E0-EA6E-4669-8398-D9E4B4B099BD}.Debug|x86.ActiveCfg = Debug|Any CPU
		{2C4840E0-EA6E-4669-8398-D9E4B4B099BD}.Debug|x86.Build.0 = Debug|Any CPU
		{2C4840E0-EA6E-4669-8398-D9E4B4B099BD}.Release|Any CPU.ActiveCfg = Release|Any CPU
		{2C4840E0-EA6E-4669-8398-D9E4B4B099BD}.Release|Any CPU.Build.0 = Release|Any CPU
		{2C4840E0-EA6E-4669-8398-D9E4B4B099BD}.Release|x86.ActiveCfg = Release|Any CPU
		{2C4840E0-EA6E-4669-8398-D9E4B4B099BD}.Release|x86.Build.0 = Release|Any CPU
		{EDA811A8-7AF5-4C18-8608-31F11C59C0F4}.Debug|Any CPU.ActiveCfg = Debug|Any CPU
		{EDA811A8-7AF5-4C18-8608-31F11C59C0F4}.Debug|Any CPU.Build.0 = Debug|Any CPU
		{EDA811A8-7AF5-4C18-8608-31F11C59C0F4}.Debug|x86.ActiveCfg = Debug|Any CPU
		{EDA811A8-7AF5-4C18-8608-31F11C59C0F4}.Debug|x86.Build.0 = Debug|Any CPU
		{EDA811A8-7AF5-4C18-8608-31F11C59C0F4}.Release|Any CPU.ActiveCfg = Release|Any CPU
		{EDA811A8-7AF5-4C18-8608-31F11C59C0F4}.Release|Any CPU.Build.0 = Release|Any CPU
		{EDA811A8-7AF5-4C18-8608-31F11C59C0F4}.Release|x86.ActiveCfg = Release|Any CPU
		{EDA811A8-7AF5-4C18-8608-31F11C59C0F4}.Release|x86.Build.0 = Release|Any CPU
		{1F78DE11-5145-4DB4-B1C0-F6BA9A4C1E6A}.Debug|Any CPU.ActiveCfg = Debug|Any CPU
		{1F78DE11-5145-4DB4-B1C0-F6BA9A4C1E6A}.Debug|Any CPU.Build.0 = Debug|Any CPU
		{1F78DE11-5145-4DB4-B1C0-F6BA9A4C1E6A}.Debug|x86.ActiveCfg = Debug|Any CPU
		{1F78DE11-5145-4DB4-B1C0-F6BA9A4C1E6A}.Debug|x86.Build.0 = Debug|Any CPU
		{1F78DE11-5145-4DB4-B1C0-F6BA9A4C1E6A}.Release|Any CPU.ActiveCfg = Release|Any CPU
		{1F78DE11-5145-4DB4-B1C0-F6BA9A4C1E6A}.Release|Any CPU.Build.0 = Release|Any CPU
		{1F78DE11-5145-4DB4-B1C0-F6BA9A4C1E6A}.Release|x86.ActiveCfg = Release|Any CPU
		{1F78DE11-5145-4DB4-B1C0-F6BA9A4C1E6A}.Release|x86.Build.0 = Release|Any CPU
		{01362331-7BE4-4232-A9D7-915493D1480B}.Debug|Any CPU.ActiveCfg = Debug|Any CPU
		{01362331-7BE4-4232-A9D7-915493D1480B}.Debug|Any CPU.Build.0 = Debug|Any CPU
		{01362331-7BE4-4232-A9D7-915493D1480B}.Debug|x86.ActiveCfg = Debug|Any CPU
		{01362331-7BE4-4232-A9D7-915493D1480B}.Debug|x86.Build.0 = Debug|Any CPU
		{01362331-7BE4-4232-A9D7-915493D1480B}.Release|Any CPU.ActiveCfg = Release|Any CPU
		{01362331-7BE4-4232-A9D7-915493D1480B}.Release|Any CPU.Build.0 = Release|Any CPU
		{01362331-7BE4-4232-A9D7-915493D1480B}.Release|x86.ActiveCfg = Release|Any CPU
		{01362331-7BE4-4232-A9D7-915493D1480B}.Release|x86.Build.0 = Release|Any CPU
		{2538E96E-C0DD-4FFF-8648-1F10942AC166}.Debug|Any CPU.ActiveCfg = Debug|Any CPU
		{2538E96E-C0DD-4FFF-8648-1F10942AC166}.Debug|Any CPU.Build.0 = Debug|Any CPU
		{2538E96E-C0DD-4FFF-8648-1F10942AC166}.Debug|x86.ActiveCfg = Debug|Any CPU
		{2538E96E-C0DD-4FFF-8648-1F10942AC166}.Debug|x86.Build.0 = Debug|Any CPU
		{2538E96E-C0DD-4FFF-8648-1F10942AC166}.Release|Any CPU.ActiveCfg = Release|Any CPU
		{2538E96E-C0DD-4FFF-8648-1F10942AC166}.Release|Any CPU.Build.0 = Release|Any CPU
		{2538E96E-C0DD-4FFF-8648-1F10942AC166}.Release|x86.ActiveCfg = Release|Any CPU
		{2538E96E-C0DD-4FFF-8648-1F10942AC166}.Release|x86.Build.0 = Release|Any CPU
		{22F41829-F1D9-4E6C-9C90-481A3AFB0C9D}.Debug|Any CPU.ActiveCfg = Debug|Any CPU
		{22F41829-F1D9-4E6C-9C90-481A3AFB0C9D}.Debug|Any CPU.Build.0 = Debug|Any CPU
		{22F41829-F1D9-4E6C-9C90-481A3AFB0C9D}.Debug|x86.ActiveCfg = Debug|Any CPU
		{22F41829-F1D9-4E6C-9C90-481A3AFB0C9D}.Debug|x86.Build.0 = Debug|Any CPU
		{22F41829-F1D9-4E6C-9C90-481A3AFB0C9D}.Release|Any CPU.ActiveCfg = Release|Any CPU
		{22F41829-F1D9-4E6C-9C90-481A3AFB0C9D}.Release|Any CPU.Build.0 = Release|Any CPU
		{22F41829-F1D9-4E6C-9C90-481A3AFB0C9D}.Release|x86.ActiveCfg = Release|Any CPU
		{22F41829-F1D9-4E6C-9C90-481A3AFB0C9D}.Release|x86.Build.0 = Release|Any CPU
		{6A87CC06-FF71-40A5-8357-46C68A87B782}.Debug|Any CPU.ActiveCfg = Debug|Any CPU
		{6A87CC06-FF71-40A5-8357-46C68A87B782}.Debug|Any CPU.Build.0 = Debug|Any CPU
		{6A87CC06-FF71-40A5-8357-46C68A87B782}.Debug|x86.ActiveCfg = Debug|Any CPU
		{6A87CC06-FF71-40A5-8357-46C68A87B782}.Debug|x86.Build.0 = Debug|Any CPU
		{6A87CC06-FF71-40A5-8357-46C68A87B782}.Release|Any CPU.ActiveCfg = Release|Any CPU
		{6A87CC06-FF71-40A5-8357-46C68A87B782}.Release|Any CPU.Build.0 = Release|Any CPU
		{6A87CC06-FF71-40A5-8357-46C68A87B782}.Release|x86.ActiveCfg = Release|Any CPU
		{6A87CC06-FF71-40A5-8357-46C68A87B782}.Release|x86.Build.0 = Release|Any CPU
		{25D93C7D-DE82-4B61-8C2C-F3DF5E8816C2}.Debug|Any CPU.ActiveCfg = Debug|Any CPU
		{25D93C7D-DE82-4B61-8C2C-F3DF5E8816C2}.Debug|Any CPU.Build.0 = Debug|Any CPU
		{25D93C7D-DE82-4B61-8C2C-F3DF5E8816C2}.Debug|x86.ActiveCfg = Debug|Any CPU
		{25D93C7D-DE82-4B61-8C2C-F3DF5E8816C2}.Debug|x86.Build.0 = Debug|Any CPU
		{25D93C7D-DE82-4B61-8C2C-F3DF5E8816C2}.Release|Any CPU.ActiveCfg = Release|Any CPU
		{25D93C7D-DE82-4B61-8C2C-F3DF5E8816C2}.Release|Any CPU.Build.0 = Release|Any CPU
		{25D93C7D-DE82-4B61-8C2C-F3DF5E8816C2}.Release|x86.ActiveCfg = Release|Any CPU
		{25D93C7D-DE82-4B61-8C2C-F3DF5E8816C2}.Release|x86.Build.0 = Release|Any CPU
		{B5D8A00C-547E-4916-83C4-C3554CF5D10F}.Debug|Any CPU.ActiveCfg = Debug|Any CPU
		{B5D8A00C-547E-4916-83C4-C3554CF5D10F}.Debug|Any CPU.Build.0 = Debug|Any CPU
		{B5D8A00C-547E-4916-83C4-C3554CF5D10F}.Debug|x86.ActiveCfg = Debug|Any CPU
		{B5D8A00C-547E-4916-83C4-C3554CF5D10F}.Debug|x86.Build.0 = Debug|Any CPU
		{B5D8A00C-547E-4916-83C4-C3554CF5D10F}.Release|Any CPU.ActiveCfg = Release|Any CPU
		{B5D8A00C-547E-4916-83C4-C3554CF5D10F}.Release|Any CPU.Build.0 = Release|Any CPU
		{B5D8A00C-547E-4916-83C4-C3554CF5D10F}.Release|x86.ActiveCfg = Release|Any CPU
		{B5D8A00C-547E-4916-83C4-C3554CF5D10F}.Release|x86.Build.0 = Release|Any CPU
		{2E612A1E-7B80-45ED-A487-B3B67D813DD0}.Debug|Any CPU.ActiveCfg = Debug|Any CPU
		{2E612A1E-7B80-45ED-A487-B3B67D813DD0}.Debug|Any CPU.Build.0 = Debug|Any CPU
		{2E612A1E-7B80-45ED-A487-B3B67D813DD0}.Debug|x86.ActiveCfg = Debug|Any CPU
		{2E612A1E-7B80-45ED-A487-B3B67D813DD0}.Debug|x86.Build.0 = Debug|Any CPU
		{2E612A1E-7B80-45ED-A487-B3B67D813DD0}.Release|Any CPU.ActiveCfg = Release|Any CPU
		{2E612A1E-7B80-45ED-A487-B3B67D813DD0}.Release|Any CPU.Build.0 = Release|Any CPU
		{2E612A1E-7B80-45ED-A487-B3B67D813DD0}.Release|x86.ActiveCfg = Release|Any CPU
		{2E612A1E-7B80-45ED-A487-B3B67D813DD0}.Release|x86.Build.0 = Release|Any CPU
		{224BACB4-D93E-41B8-AF85-7FAD7E51A4F5}.Debug|Any CPU.ActiveCfg = Debug|Any CPU
		{224BACB4-D93E-41B8-AF85-7FAD7E51A4F5}.Debug|Any CPU.Build.0 = Debug|Any CPU
		{224BACB4-D93E-41B8-AF85-7FAD7E51A4F5}.Debug|x86.ActiveCfg = Debug|Any CPU
		{224BACB4-D93E-41B8-AF85-7FAD7E51A4F5}.Debug|x86.Build.0 = Debug|Any CPU
		{224BACB4-D93E-41B8-AF85-7FAD7E51A4F5}.Release|Any CPU.ActiveCfg = Release|Any CPU
		{224BACB4-D93E-41B8-AF85-7FAD7E51A4F5}.Release|Any CPU.Build.0 = Release|Any CPU
		{224BACB4-D93E-41B8-AF85-7FAD7E51A4F5}.Release|x86.ActiveCfg = Release|Any CPU
		{224BACB4-D93E-41B8-AF85-7FAD7E51A4F5}.Release|x86.Build.0 = Release|Any CPU
		{4D1E8ADD-290C-4D31-AE83-FB8B5055892A}.Debug|Any CPU.ActiveCfg = Debug|Any CPU
		{4D1E8ADD-290C-4D31-AE83-FB8B5055892A}.Debug|Any CPU.Build.0 = Debug|Any CPU
		{4D1E8ADD-290C-4D31-AE83-FB8B5055892A}.Debug|x86.ActiveCfg = Debug|Any CPU
		{4D1E8ADD-290C-4D31-AE83-FB8B5055892A}.Debug|x86.Build.0 = Debug|Any CPU
		{4D1E8ADD-290C-4D31-AE83-FB8B5055892A}.Release|Any CPU.ActiveCfg = Release|Any CPU
		{4D1E8ADD-290C-4D31-AE83-FB8B5055892A}.Release|Any CPU.Build.0 = Release|Any CPU
		{4D1E8ADD-290C-4D31-AE83-FB8B5055892A}.Release|x86.ActiveCfg = Release|Any CPU
		{4D1E8ADD-290C-4D31-AE83-FB8B5055892A}.Release|x86.Build.0 = Release|Any CPU
		{DD365EB7-A4A3-48BC-BEF6-3D74CC56BC9A}.Debug|Any CPU.ActiveCfg = Debug|Any CPU
		{DD365EB7-A4A3-48BC-BEF6-3D74CC56BC9A}.Debug|Any CPU.Build.0 = Debug|Any CPU
		{DD365EB7-A4A3-48BC-BEF6-3D74CC56BC9A}.Debug|x86.ActiveCfg = Debug|Any CPU
		{DD365EB7-A4A3-48BC-BEF6-3D74CC56BC9A}.Debug|x86.Build.0 = Debug|Any CPU
		{DD365EB7-A4A3-48BC-BEF6-3D74CC56BC9A}.Release|Any CPU.ActiveCfg = Release|Any CPU
		{DD365EB7-A4A3-48BC-BEF6-3D74CC56BC9A}.Release|Any CPU.Build.0 = Release|Any CPU
		{DD365EB7-A4A3-48BC-BEF6-3D74CC56BC9A}.Release|x86.ActiveCfg = Release|Any CPU
		{DD365EB7-A4A3-48BC-BEF6-3D74CC56BC9A}.Release|x86.Build.0 = Release|Any CPU
		{720FE41E-328A-4A8B-8BBC-449345688CDC}.Debug|Any CPU.ActiveCfg = Debug|Any CPU
		{720FE41E-328A-4A8B-8BBC-449345688CDC}.Debug|Any CPU.Build.0 = Debug|Any CPU
		{720FE41E-328A-4A8B-8BBC-449345688CDC}.Debug|x86.ActiveCfg = Debug|Any CPU
		{720FE41E-328A-4A8B-8BBC-449345688CDC}.Debug|x86.Build.0 = Debug|Any CPU
		{720FE41E-328A-4A8B-8BBC-449345688CDC}.Release|Any CPU.ActiveCfg = Release|Any CPU
		{720FE41E-328A-4A8B-8BBC-449345688CDC}.Release|Any CPU.Build.0 = Release|Any CPU
		{720FE41E-328A-4A8B-8BBC-449345688CDC}.Release|x86.ActiveCfg = Release|Any CPU
		{720FE41E-328A-4A8B-8BBC-449345688CDC}.Release|x86.Build.0 = Release|Any CPU
		{A4C573C0-713F-42D4-BCDC-5785C733CD67}.Debug|Any CPU.ActiveCfg = Debug|Any CPU
		{A4C573C0-713F-42D4-BCDC-5785C733CD67}.Debug|Any CPU.Build.0 = Debug|Any CPU
		{A4C573C0-713F-42D4-BCDC-5785C733CD67}.Debug|x86.ActiveCfg = Debug|Any CPU
		{A4C573C0-713F-42D4-BCDC-5785C733CD67}.Debug|x86.Build.0 = Debug|Any CPU
		{A4C573C0-713F-42D4-BCDC-5785C733CD67}.Release|Any CPU.ActiveCfg = Release|Any CPU
		{A4C573C0-713F-42D4-BCDC-5785C733CD67}.Release|Any CPU.Build.0 = Release|Any CPU
		{A4C573C0-713F-42D4-BCDC-5785C733CD67}.Release|x86.ActiveCfg = Release|Any CPU
		{A4C573C0-713F-42D4-BCDC-5785C733CD67}.Release|x86.Build.0 = Release|Any CPU
		{0A5D375A-97F7-4F90-9F3A-3A2DA917B350}.Debug|Any CPU.ActiveCfg = Debug|Any CPU
		{0A5D375A-97F7-4F90-9F3A-3A2DA917B350}.Debug|Any CPU.Build.0 = Debug|Any CPU
		{0A5D375A-97F7-4F90-9F3A-3A2DA917B350}.Debug|x86.ActiveCfg = Debug|Any CPU
		{0A5D375A-97F7-4F90-9F3A-3A2DA917B350}.Debug|x86.Build.0 = Debug|Any CPU
		{0A5D375A-97F7-4F90-9F3A-3A2DA917B350}.Release|Any CPU.ActiveCfg = Release|Any CPU
		{0A5D375A-97F7-4F90-9F3A-3A2DA917B350}.Release|Any CPU.Build.0 = Release|Any CPU
		{0A5D375A-97F7-4F90-9F3A-3A2DA917B350}.Release|x86.ActiveCfg = Release|Any CPU
		{0A5D375A-97F7-4F90-9F3A-3A2DA917B350}.Release|x86.Build.0 = Release|Any CPU
		{F165A47F-5CBD-440E-931E-4800F552D0EB}.Debug|Any CPU.ActiveCfg = Debug|Any CPU
		{F165A47F-5CBD-440E-931E-4800F552D0EB}.Debug|Any CPU.Build.0 = Debug|Any CPU
		{F165A47F-5CBD-440E-931E-4800F552D0EB}.Debug|x86.ActiveCfg = Debug|Any CPU
		{F165A47F-5CBD-440E-931E-4800F552D0EB}.Debug|x86.Build.0 = Debug|Any CPU
		{F165A47F-5CBD-440E-931E-4800F552D0EB}.Release|Any CPU.ActiveCfg = Release|Any CPU
		{F165A47F-5CBD-440E-931E-4800F552D0EB}.Release|Any CPU.Build.0 = Release|Any CPU
		{F165A47F-5CBD-440E-931E-4800F552D0EB}.Release|x86.ActiveCfg = Release|Any CPU
		{F165A47F-5CBD-440E-931E-4800F552D0EB}.Release|x86.Build.0 = Release|Any CPU
		{43DC4EC5-4D2C-470C-A633-91FAB9F63756}.Debug|Any CPU.ActiveCfg = Debug|Any CPU
		{43DC4EC5-4D2C-470C-A633-91FAB9F63756}.Debug|Any CPU.Build.0 = Debug|Any CPU
		{43DC4EC5-4D2C-470C-A633-91FAB9F63756}.Debug|x86.ActiveCfg = Debug|x86
		{43DC4EC5-4D2C-470C-A633-91FAB9F63756}.Debug|x86.Build.0 = Debug|x86
		{43DC4EC5-4D2C-470C-A633-91FAB9F63756}.Release|Any CPU.ActiveCfg = Release|Any CPU
		{43DC4EC5-4D2C-470C-A633-91FAB9F63756}.Release|Any CPU.Build.0 = Release|Any CPU
		{43DC4EC5-4D2C-470C-A633-91FAB9F63756}.Release|x86.ActiveCfg = Release|x86
		{43DC4EC5-4D2C-470C-A633-91FAB9F63756}.Release|x86.Build.0 = Release|x86
		{576312FC-66C0-4E6B-A520-6554438B202E}.Debug|Any CPU.ActiveCfg = Debug|Any CPU
		{576312FC-66C0-4E6B-A520-6554438B202E}.Debug|Any CPU.Build.0 = Debug|Any CPU
		{576312FC-66C0-4E6B-A520-6554438B202E}.Debug|x86.ActiveCfg = Debug|Any CPU
		{576312FC-66C0-4E6B-A520-6554438B202E}.Debug|x86.Build.0 = Debug|Any CPU
		{576312FC-66C0-4E6B-A520-6554438B202E}.Release|Any CPU.ActiveCfg = Release|Any CPU
		{576312FC-66C0-4E6B-A520-6554438B202E}.Release|Any CPU.Build.0 = Release|Any CPU
		{576312FC-66C0-4E6B-A520-6554438B202E}.Release|x86.ActiveCfg = Release|Any CPU
		{576312FC-66C0-4E6B-A520-6554438B202E}.Release|x86.Build.0 = Release|Any CPU
		{ACA9A6A1-2473-414F-88A2-CF40C182CCD7}.Debug|Any CPU.ActiveCfg = Debug|Any CPU
		{ACA9A6A1-2473-414F-88A2-CF40C182CCD7}.Debug|Any CPU.Build.0 = Debug|Any CPU
		{ACA9A6A1-2473-414F-88A2-CF40C182CCD7}.Debug|x86.ActiveCfg = Debug|Any CPU
		{ACA9A6A1-2473-414F-88A2-CF40C182CCD7}.Debug|x86.Build.0 = Debug|Any CPU
		{ACA9A6A1-2473-414F-88A2-CF40C182CCD7}.Release|Any CPU.ActiveCfg = Release|Any CPU
		{ACA9A6A1-2473-414F-88A2-CF40C182CCD7}.Release|Any CPU.Build.0 = Release|Any CPU
		{ACA9A6A1-2473-414F-88A2-CF40C182CCD7}.Release|x86.ActiveCfg = Release|Any CPU
		{ACA9A6A1-2473-414F-88A2-CF40C182CCD7}.Release|x86.Build.0 = Release|Any CPU
	EndGlobalSection
	GlobalSection(SolutionProperties) = preSolution
		HideSolutionNode = FALSE
	EndGlobalSection
	GlobalSection(NestedProjects) = preSolution
		{2C4840E0-EA6E-4669-8398-D9E4B4B099BD} = {8DE21607-8F42-466F-9690-36FF26BBD52C}
		{EDA811A8-7AF5-4C18-8608-31F11C59C0F4} = {8DE21607-8F42-466F-9690-36FF26BBD52C}
		{1F78DE11-5145-4DB4-B1C0-F6BA9A4C1E6A} = {8DE21607-8F42-466F-9690-36FF26BBD52C}
		{6A87CC06-FF71-40A5-8357-46C68A87B782} = {8DE21607-8F42-466F-9690-36FF26BBD52C}
		{25D93C7D-DE82-4B61-8C2C-F3DF5E8816C2} = {8DE21607-8F42-466F-9690-36FF26BBD52C}
		{B5D8A00C-547E-4916-83C4-C3554CF5D10F} = {8DE21607-8F42-466F-9690-36FF26BBD52C}
		{2E612A1E-7B80-45ED-A487-B3B67D813DD0} = {8DE21607-8F42-466F-9690-36FF26BBD52C}
		{224BACB4-D93E-41B8-AF85-7FAD7E51A4F5} = {8DE21607-8F42-466F-9690-36FF26BBD52C}
		{4D1E8ADD-290C-4D31-AE83-FB8B5055892A} = {8DE21607-8F42-466F-9690-36FF26BBD52C}
		{DD365EB7-A4A3-48BC-BEF6-3D74CC56BC9A} = {8DE21607-8F42-466F-9690-36FF26BBD52C}
		{720FE41E-328A-4A8B-8BBC-449345688CDC} = {8DE21607-8F42-466F-9690-36FF26BBD52C}
		{A4C573C0-713F-42D4-BCDC-5785C733CD67} = {8DE21607-8F42-466F-9690-36FF26BBD52C}
		{0A5D375A-97F7-4F90-9F3A-3A2DA917B350} = {8DE21607-8F42-466F-9690-36FF26BBD52C}
		{F165A47F-5CBD-440E-931E-4800F552D0EB} = {C1AB2408-D956-4BAB-9BC7-D287B30A80B0}
		{43DC4EC5-4D2C-470C-A633-91FAB9F63756} = {C1AB2408-D956-4BAB-9BC7-D287B30A80B0}
		{576312FC-66C0-4E6B-A520-6554438B202E} = {8DE21607-8F42-466F-9690-36FF26BBD52C}
		{ACA9A6A1-2473-414F-88A2-CF40C182CCD7} = {8DE21607-8F42-466F-9690-36FF26BBD52C}
	EndGlobalSection
	GlobalSection(ExtensibilityGlobals) = postSolution
		SolutionGuid = {C8A1926E-FCB2-459D-AD31-EFCABF29A6D6}
	EndGlobalSection
EndGlobal
